
Microsoft Visual Studio Solution File, Format Version 12.00
# Visual Studio Version 16
VisualStudioVersion = 16.0.29123.88
MinimumVisualStudioVersion = 10.0.40219.1
Project("{FAE04EC0-301F-11D3-BF4B-00C04F79EFBC}") = "sportsstore", "sportsstore\sportsstore.csproj", "{2EF6BFD4-D012-44BC-8B52-5514A347B1BB}"
EndProject
Global
	GlobalSection(SolutionConfigurationPlatforms) = preSolution
		Debug|Any CPU = Debug|Any CPU
		Release|Any CPU = Release|Any CPU
	EndGlobalSection
	GlobalSection(ProjectConfigurationPlatforms) = postSolution
		{2EF6BFD4-D012-44BC-8B52-5514A347B1BB}.Debug|Any CPU.ActiveCfg = Debug|Any CPU
		{2EF6BFD4-D012-44BC-8B52-5514A347B1BB}.Debug|Any CPU.Build.0 = Debug|Any CPU
		{2EF6BFD4-D012-44BC-8B52-5514A347B1BB}.Release|Any CPU.ActiveCfg = Release|Any CPU
		{2EF6BFD4-D012-44BC-8B52-5514A347B1BB}.Release|Any CPU.Build.0 = Release|Any CPU
	EndGlobalSection
	GlobalSection(SolutionProperties) = preSolution
		HideSolutionNode = FALSE
	EndGlobalSection
	GlobalSection(ExtensibilityGlobals) = postSolution
		SolutionGuid = {E2128B85-0572-4F0F-A8A5-5EC16742178A}
	EndGlobalSection
EndGlobal
